
Microsoft Visual Studio Solution File, Format Version 12.00
# Visual Studio Version 17
VisualStudioVersion = 17.8.34330.188
MinimumVisualStudioVersion = 10.0.40219.1
Project("{FAE04EC0-301F-11D3-BF4B-00C04F79EFBC}") = "F±unny", "F±unny.csproj", "{56B24DC9-7111-4A6A-8477-96554420EFDD}"
EndProject
Global
	GlobalSection(SolutionConfigurationPlatforms) = preSolution
		Debug|Any CPU = Debug|Any CPU
		Release|Any CPU = Release|Any CPU
	EndGlobalSection
	GlobalSection(ProjectConfigurationPlatforms) = postSolution
		{56B24DC9-7111-4A6A-8477-96554420EFDD}.Debug|Any CPU.ActiveCfg = Debug|Any CPU
		{56B24DC9-7111-4A6A-8477-96554420EFDD}.Debug|Any CPU.Build.0 = Debug|Any CPU
		{56B24DC9-7111-4A6A-8477-96554420EFDD}.Release|Any CPU.ActiveCfg = Release|Any CPU
		{56B24DC9-7111-4A6A-8477-96554420EFDD}.Release|Any CPU.Build.0 = Release|Any CPU
	EndGlobalSection
	GlobalSection(SolutionProperties) = preSolution
		HideSolutionNode = FALSE
	EndGlobalSection
	GlobalSection(ExtensibilityGlobals) = postSolution
		SolutionGuid = {1B30BFF2-F40B-48BE-B7B4-C6DCD8D90DE2}
	EndGlobalSection
EndGlobal
